
Microsoft Visual Studio Solution File, Format Version 12.00
# Visual Studio Version 17
VisualStudioVersion = 17.8.34525.116
MinimumVisualStudioVersion = 10.0.40219.1
Project("{9A19103F-16F7-4668-BE54-9A1E7A4F7556}") = "BF.Api", "BF.Api\BF.Api.csproj", "{5C728B97-C31F-4107-839B-F5D87B634AA1}"
EndProject
Project("{2150E333-8FDC-42A3-9474-1A3956D46DE8}") = "Solution Items", "Solution Items", "{161EF475-6534-4125-AA6A-01F62E70527E}"
	ProjectSection(SolutionItems) = preProject
		.dockerignore = .dockerignore
		.gitignore = .gitignore
		LICENSE = LICENSE
		README.md = README.md
	EndProjectSection
EndProject
Global
	GlobalSection(SolutionConfigurationPlatforms) = preSolution
		Debug|Any CPU = Debug|Any CPU
		Release|Any CPU = Release|Any CPU
	EndGlobalSection
	GlobalSection(ProjectConfigurationPlatforms) = postSolution
		{5C728B97-C31F-4107-839B-F5D87B634AA1}.Debug|Any CPU.ActiveCfg = Debug|Any CPU
		{5C728B97-C31F-4107-839B-F5D87B634AA1}.Debug|Any CPU.Build.0 = Debug|Any CPU
		{5C728B97-C31F-4107-839B-F5D87B634AA1}.Release|Any CPU.ActiveCfg = Release|Any CPU
		{5C728B97-C31F-4107-839B-F5D87B634AA1}.Release|Any CPU.Build.0 = Release|Any CPU
	EndGlobalSection
	GlobalSection(SolutionProperties) = preSolution
		HideSolutionNode = FALSE
	EndGlobalSection
	GlobalSection(ExtensibilityGlobals) = postSolution
		SolutionGuid = {E83BD154-A737-4A01-AE1A-6D730200950B}
	EndGlobalSection
EndGlobal
